
Microsoft Visual Studio Solution File, Format Version 12.00
# Visual Studio Version 16
VisualStudioVersion = 16.0.31911.196
MinimumVisualStudioVersion = 10.0.40219.1
Project("{FAE04EC0-301F-11D3-BF4B-00C04F79EFBC}") = "SecureOneUseEchoClient", "SecureOneUseEchoClient\SecureOneUseEchoClient.csproj", "{8BF55371-66FB-415E-A771-2775C215D21E}"
EndProject
Global
	GlobalSection(SolutionConfigurationPlatforms) = preSolution
		Debug|Any CPU = Debug|Any CPU
		Release|Any CPU = Release|Any CPU
	EndGlobalSection
	GlobalSection(ProjectConfigurationPlatforms) = postSolution
		{8BF55371-66FB-415E-A771-2775C215D21E}.Debug|Any CPU.ActiveCfg = Debug|Any CPU
		{8BF55371-66FB-415E-A771-2775C215D21E}.Debug|Any CPU.Build.0 = Debug|Any CPU
		{8BF55371-66FB-415E-A771-2775C215D21E}.Release|Any CPU.ActiveCfg = Release|Any CPU
		{8BF55371-66FB-415E-A771-2775C215D21E}.Release|Any CPU.Build.0 = Release|Any CPU
	EndGlobalSection
	GlobalSection(SolutionProperties) = preSolution
		HideSolutionNode = FALSE
	EndGlobalSection
	GlobalSection(ExtensibilityGlobals) = postSolution
		SolutionGuid = {8234CE74-38A1-4C99-B869-912461106010}
	EndGlobalSection
EndGlobal
